
Microsoft Visual Studio Solution File, Format Version 12.00
# Visual Studio 15
VisualStudioVersion = 15.0.27703.2026
MinimumVisualStudioVersion = 10.0.40219.1
Project("{FAE04EC0-301F-11D3-BF4B-00C04F79EFBC}") = "MRC Compressor", "MRC Compressor.csproj", "{96B8CBC5-F881-4C55-938A-3B30A438499F}"
EndProject
Global
	GlobalSection(SolutionConfigurationPlatforms) = preSolution
		Debug|Any CPU = Debug|Any CPU
		Release|Any CPU = Release|Any CPU
	EndGlobalSection
	GlobalSection(ProjectConfigurationPlatforms) = postSolution
		{96B8CBC5-F881-4C55-938A-3B30A438499F}.Debug|Any CPU.ActiveCfg = Debug|Any CPU
		{96B8CBC5-F881-4C55-938A-3B30A438499F}.Debug|Any CPU.Build.0 = Debug|Any CPU
		{96B8CBC5-F881-4C55-938A-3B30A438499F}.Release|Any CPU.ActiveCfg = Release|Any CPU
		{96B8CBC5-F881-4C55-938A-3B30A438499F}.Release|Any CPU.Build.0 = Release|Any CPU
	EndGlobalSection
	GlobalSection(SolutionProperties) = preSolution
		HideSolutionNode = FALSE
	EndGlobalSection
	GlobalSection(ExtensibilityGlobals) = postSolution
		SolutionGuid = {E0B46703-14CD-4E28-86AE-76E4C7857353}
	EndGlobalSection
EndGlobal
